{
  "name": "test1",
  "version": "1.0.0",
  "lockfileVersion": 1,
  "requires": true,
  "dependencies": {
    "@glidejs/glide": {
      "version": "3.0.1",
      "resolved": "https://registry.npmjs.org/@glidejs/glide/-/glide-3.0.1.tgz",
      "integrity": "sha512-yHX2ltwwvSljaRoGqF0sAZwspSNGJix/I1S/q8i/YZCP68WbvAJZ0r+7e5KgUqYyAi5WI5Gc98C9i5tSLvAkmw=="
    },
    "tiny-slider": {
      "version": "2.6.0",
      "resolved": "https://registry.npmjs.org/tiny-slider/-/tiny-slider-2.6.0.tgz",
      "integrity": "sha512-QewKUddjxgpGSYlJ28DJuzuhaCJYK325v2fcIj1ByrsZ/3oHxqo6+CPYepfbhk7t+ur0YtssZwL3dHmTuu6uhQ=="
    }
  }
}
